
Microsoft Visual Studio Solution File, Format Version 12.00
# Visual Studio Version 16
VisualStudioVersion = 16.0.32901.82
MinimumVisualStudioVersion = 10.0.40219.1
Project("{FAE04EC0-301F-11D3-BF4B-00C04F79EFBC}") = "IPForms", "IPForms\IPForms.csproj", "{90DA6F06-4C89-4B4D-92E1-A462ECB33959}"
EndProject
Project("{FAE04EC0-301F-11D3-BF4B-00C04F79EFBC}") = "ImageFilters", "ImageFilters\ImageFilters.csproj", "{D1A1B984-2D39-497A-A58E-71510AD3BBF8}"
EndProject
Project("{FAE04EC0-301F-11D3-BF4B-00C04F79EFBC}") = "Image processing laboratory", "ImageProcessingLaboratory\Image processing laboratory.csproj", "{1705E565-B2B1-4936-BD6B-6EBE151D920F}"
EndProject
Project("{FAE04EC0-301F-11D3-BF4B-00C04F79EFBC}") = "IPControls", "IPControls\IPControls.csproj", "{C02DA3F1-4CC3-4099-B121-6044B2C68003}"
EndProject
Global
	GlobalSection(SolutionConfigurationPlatforms) = preSolution
		Debug|Any CPU = Debug|Any CPU
		Release|Any CPU = Release|Any CPU
	EndGlobalSection
	GlobalSection(ProjectConfigurationPlatforms) = postSolution
		{90DA6F06-4C89-4B4D-92E1-A462ECB33959}.Debug|Any CPU.ActiveCfg = Debug|Any CPU
		{90DA6F06-4C89-4B4D-92E1-A462ECB33959}.Debug|Any CPU.Build.0 = Debug|Any CPU
		{90DA6F06-4C89-4B4D-92E1-A462ECB33959}.Release|Any CPU.ActiveCfg = Release|Any CPU
		{90DA6F06-4C89-4B4D-92E1-A462ECB33959}.Release|Any CPU.Build.0 = Release|Any CPU
		{D1A1B984-2D39-497A-A58E-71510AD3BBF8}.Debug|Any CPU.ActiveCfg = Debug|Any CPU
		{D1A1B984-2D39-497A-A58E-71510AD3BBF8}.Debug|Any CPU.Build.0 = Debug|Any CPU
		{D1A1B984-2D39-497A-A58E-71510AD3BBF8}.Release|Any CPU.ActiveCfg = Release|Any CPU
		{D1A1B984-2D39-497A-A58E-71510AD3BBF8}.Release|Any CPU.Build.0 = Release|Any CPU
		{1705E565-B2B1-4936-BD6B-6EBE151D920F}.Debug|Any CPU.ActiveCfg = Debug|Any CPU
		{1705E565-B2B1-4936-BD6B-6EBE151D920F}.Debug|Any CPU.Build.0 = Debug|Any CPU
		{1705E565-B2B1-4936-BD6B-6EBE151D920F}.Release|Any CPU.ActiveCfg = Release|Any CPU
		{1705E565-B2B1-4936-BD6B-6EBE151D920F}.Release|Any CPU.Build.0 = Release|Any CPU
		{C02DA3F1-4CC3-4099-B121-6044B2C68003}.Debug|Any CPU.ActiveCfg = Debug|Any CPU
		{C02DA3F1-4CC3-4099-B121-6044B2C68003}.Debug|Any CPU.Build.0 = Debug|Any CPU
		{C02DA3F1-4CC3-4099-B121-6044B2C68003}.Release|Any CPU.ActiveCfg = Release|Any CPU
		{C02DA3F1-4CC3-4099-B121-6044B2C68003}.Release|Any CPU.Build.0 = Release|Any CPU
	EndGlobalSection
	GlobalSection(SolutionProperties) = preSolution
		HideSolutionNode = FALSE
	EndGlobalSection
	GlobalSection(ExtensibilityGlobals) = postSolution
		SolutionGuid = {1C10E787-DD7C-4712-AA82-4FE178195306}
	EndGlobalSection
EndGlobal
